{
  "nodes": {
    "nixpkgs": {
      "locked": {
        "lastModified": 1745842973,
        "narHash": "sha256-8kYqBXcnkPU2/ULfKKmNT8LpVLvTFZOAum8fCOicR5E=",
        "owner": "nixos",
        "repo": "nixpkgs",
        "rev": "d35f5a88184fefd8442c3b00594289b8a6190365",
        "type": "github"
      },
      "original": {
        "owner": "nixos",
        "repo": "nixpkgs",
        "type": "github"
      }
    },
    "root": {
      "inputs": {
        "nixpkgs": "nixpkgs"
      }
    }
  },
  "root": "root",
  "version": 7
}
